{
  "version": 4,
  "terraform_version": "1.10.5",
  "serial": 4,
  "lineage": "6688d81f-3fa3-e18f-bda2-4ba9762f9bf5",
  "outputs": {
    "cwd": {
      "value": ".",
      "type": "string"
    }
  },
  "resources": [
    {
      "mode": "managed",
      "type": "local_file",
      "name": "example",
      "provider": "provider[\"registry.terraform.io/hashicorp/local\"]",
      "instances": [
        {
          "schema_version": 0,
          "attributes": {
            "content": "Hello, this is a Terraform-managed file!",
            "content_base64": null,
            "content_base64sha256": "KPqexlhi3r1qgNac0jIbOw0OVw3XcxRUW7R39RbHI7I=",
            "content_base64sha512": "l+7P/t1Ixy4ocWCIrKRg7ZKVS5z0L/WPK9sIEf9K00nbkrRwH90N9Qy5Fj6h0hSC1eWGx/5G041xzzowliBmyw==",
            "content_md5": "1c4e52cb7f9c96a20af531365838295d",
            "content_sha1": "23ab25587723dc62ae223ad164fe865ecb3e4461",
            "content_sha256": "28fa9ec65862debd6a80d69cd2321b3b0d0e570dd77314545bb477f516c723b2",
            "content_sha512": "97eecffedd48c72e28716088aca460ed92954b9cf42ff58f2bdb0811ff4ad349db92b4701fdd0df50cb9163ea1d21482d5e586c7fe46d38d71cf3a30962066cb",
            "directory_permission": "0777",
            "file_permission": "0777",
            "filename": "./example.txt",
            "id": "23ab25587723dc62ae223ad164fe865ecb3e4461",
            "sensitive_content": null,
            "source": null
          },
          "sensitive_attributes": [
            [
              {
                "type": "get_attr",
                "value": "sensitive_content"
              }
            ]
          ]
        }
      ]
    }
  ],
  "check_results": null
}
